// !$*UTF8*$!
{
	archiveVersion = 1;
	classes = {
	};
	objectVersion = 56;
	objects = {

/* Begin PBXBuildFile section */
		AA0000000000000000000101 /* DeepSeekBalanceApp.swift in Sources */ = {isa = PBXBuildFile; fileRef = BB0000000000000000000001 /* DeepSeekBalanceApp.swift */; };
		AA0000000000000000000102 /* BalanceStore.swift in Sources */ = {isa = PBXBuildFile; fileRef = BB0000000000000000000002 /* BalanceStore.swift */; };
		AA0000000000000000000103 /* BalanceModels.swift in Sources */ = {isa = PBXBuildFile; fileRef = BB0000000000000000000003 /* BalanceModels.swift */; };
		AA0000000000000000000104 /* DeepSeekAPIClient.swift in Sources */ = {isa = PBXBuildFile; fileRef = BB0000000000000000000004 /* DeepSeekAPIClient.swift */; };
		AA0000000000000000000105 /* APIKeyProvider.swift in Sources */ = {isa = PBXBuildFile; fileRef = BB0000000000000000000005 /* APIKeyProvider.swift */; };
		AA0000000000000000000106 /* KeychainStore.swift in Sources */ = {isa = PBXBuildFile; fileRef = BB0000000000000000000006 /* KeychainStore.swift */; };
		AA0000000000000000000108 /* BalancePopoverView.swift in Sources */ = {isa = PBXBuildFile; fileRef = BB0000000000000000000008 /* BalancePopoverView.swift */; };
		AA0000000000000000000109 /* Assets.xcassets in Resources */ = {isa = PBXBuildFile; fileRef = BB0000000000000000000009 /* Assets.xcassets */; };
		AA000000000000000000010A /* Security.framework in Frameworks */ = {isa = PBXBuildFile; fileRef = BB000000000000000000000C /* Security.framework */; };
		AA000000000000000000010B /* Localizable.xcstrings in Resources */ = {isa = PBXBuildFile; fileRef = BB000000000000000000010C /* Localizable.xcstrings */; };
		AA0000000000000000000201 /* DeepSeekBalanceTests.swift in Sources */ = {isa = PBXBuildFile; fileRef = CC0000000000000000000001 /* DeepSeekBalanceTests.swift */; };
		AA0000000000000000000202 /* MockURLProtocol.swift in Sources */ = {isa = PBXBuildFile; fileRef = CC0000000000000000000002 /* MockURLProtocol.swift */; };
		AA0000000000000000000203 /* Fakes.swift in Sources */ = {isa = PBXBuildFile; fileRef = CC0000000000000000000003 /* Fakes.swift */; };
		AA0000000000000000000204 /* BalanceClientTests.swift in Sources */ = {isa = PBXBuildFile; fileRef = CC0000000000000000000004 /* BalanceClientTests.swift */; };
		AA0000000000000000000205 /* BalanceStoreTests.swift in Sources */ = {isa = PBXBuildFile; fileRef = CC0000000000000000000005 /* BalanceStoreTests.swift */; };
		AA0000000000000000000206 /* AppLanguageTests.swift in Sources */ = {isa = PBXBuildFile; fileRef = CC0000000000000000000101 /* AppLanguageTests.swift */; };
		AA0000000000000000000207 /* L10nTests.swift in Sources */ = {isa = PBXBuildFile; fileRef = CC0000000000000000000102 /* L10nTests.swift */; };
		AA0000000000000000000208 /* ServiceStatusTests.swift in Sources */ = {isa = PBXBuildFile; fileRef = CC0000000000000000000103 /* ServiceStatusTests.swift */; };
		AA0000000000000000000209 /* LoginItemTests.swift in Sources */ = {isa = PBXBuildFile; fileRef = CC0000000000000000000104 /* LoginItemTests.swift */; };
		AA000000000000000000020A /* LevelDBFailureTests.swift in Sources */ = {isa = PBXBuildFile; fileRef = CC0000000000000000000105 /* LevelDBFailureTests.swift */; };
		AA000000000000000000020B /* TrendChartModelTests.swift in Sources */ = {isa = PBXBuildFile; fileRef = CC0000000000000000000106 /* TrendChartModelTests.swift */; };
		AA000000000000000000020C /* BuildScriptTests.swift in Sources */ = {isa = PBXBuildFile; fileRef = CC0000000000000000000107 /* BuildScriptTests.swift */; };
		AA0000000000000000000301 /* AppLanguage.swift in Sources */ = {isa = PBXBuildFile; fileRef = BB0000000000000000000101 /* AppLanguage.swift */; };
		AA0000000000000000000302 /* L10n.swift in Sources */ = {isa = PBXBuildFile; fileRef = BB0000000000000000000102 /* L10n.swift */; };
		AA0000000000000000000303 /* AppDisplayError.swift in Sources */ = {isa = PBXBuildFile; fileRef = BB0000000000000000000103 /* AppDisplayError.swift */; };
		AA0000000000000000000304 /* NotificationObservation.swift in Sources */ = {isa = PBXBuildFile; fileRef = BB0000000000000000000104 /* NotificationObservation.swift */; };
		AA0000000000000000000305 /* LoginItemManager.swift in Sources */ = {isa = PBXBuildFile; fileRef = BB0000000000000000000105 /* LoginItemManager.swift */; };
		AA0000000000000000000306 /* DeepSeekStatusModels.swift in Sources */ = {isa = PBXBuildFile; fileRef = BB0000000000000000000106 /* DeepSeekStatusModels.swift */; };
		AA0000000000000000000307 /* DeepSeekStatusClient.swift in Sources */ = {isa = PBXBuildFile; fileRef = BB0000000000000000000107 /* DeepSeekStatusClient.swift */; };
		AA0000000000000000000308 /* DeepSeekStatusMapper.swift in Sources */ = {isa = PBXBuildFile; fileRef = BB0000000000000000000108 /* DeepSeekStatusMapper.swift */; };
		AA0000000000000000000309 /* DeepSeekStatusStore.swift in Sources */ = {isa = PBXBuildFile; fileRef = BB0000000000000000000109 /* DeepSeekStatusStore.swift */; };
		AA000000000000000000030A /* DeepSeekServiceStatusView.swift in Sources */ = {isa = PBXBuildFile; fileRef = BB000000000000000000010A /* DeepSeekServiceStatusView.swift */; };
		AA00000000000000000003D1 /* ServiceStatusStoring.swift in Sources */ = {isa = PBXBuildFile; fileRef = BB0000000000000000000110 /* ServiceStatusStoring.swift */; };
		AA00000000000000000003D2 /* StatusPageClient.swift in Sources */ = {isa = PBXBuildFile; fileRef = BB0000000000000000000111 /* StatusPageClient.swift */; };
		AA00000000000000000003D3 /* StatusPageModels.swift in Sources */ = {isa = PBXBuildFile; fileRef = BB0000000000000000000112 /* StatusPageModels.swift */; };
		AA00000000000000000003D4 /* StatusPageMapper.swift in Sources */ = {isa = PBXBuildFile; fileRef = BB0000000000000000000113 /* StatusPageMapper.swift */; };
		AA00000000000000000003D5 /* StatusPageStatusStore.swift in Sources */ = {isa = PBXBuildFile; fileRef = BB0000000000000000000114 /* StatusPageStatusStore.swift */; };
		AA000000000000000000030B /* StatusItemController.swift in Sources */ = {isa = PBXBuildFile; fileRef = BB000000000000000000010B /* StatusItemController.swift */; };
		AA000000000000000000030C /* AppAppearance.swift in Sources */ = {isa = PBXBuildFile; fileRef = BB000000000000000000010D /* AppAppearance.swift */; };
		DD00000000000000001001 /* builder.cc in Sources */ = {isa = PBXBuildFile; fileRef = DD0000000000000000000101 /* builder.cc */; };
		DD00000000000000001002 /* c.cc in Sources */ = {isa = PBXBuildFile; fileRef = DD0000000000000000000102 /* c.cc */; };
		DD00000000000000001003 /* db_impl.cc in Sources */ = {isa = PBXBuildFile; fileRef = DD0000000000000000000103 /* db_impl.cc */; };
		DD00000000000000001004 /* db_iter.cc in Sources */ = {isa = PBXBuildFile; fileRef = DD0000000000000000000104 /* db_iter.cc */; };
		DD00000000000000001005 /* dbformat.cc in Sources */ = {isa = PBXBuildFile; fileRef = DD0000000000000000000105 /* dbformat.cc */; };
		DD00000000000000001006 /* dumpfile.cc in Sources */ = {isa = PBXBuildFile; fileRef = DD0000000000000000000106 /* dumpfile.cc */; };
		DD00000000000000001007 /* filename.cc in Sources */ = {isa = PBXBuildFile; fileRef = DD0000000000000000000107 /* filename.cc */; };
		DD00000000000000001008 /* log_reader.cc in Sources */ = {isa = PBXBuildFile; fileRef = DD0000000000000000000108 /* log_reader.cc */; };
		DD00000000000000001009 /* log_writer.cc in Sources */ = {isa = PBXBuildFile; fileRef = DD0000000000000000000109 /* log_writer.cc */; };
		DD0000000000000000100A /* memtable.cc in Sources */ = {isa = PBXBuildFile; fileRef = DD000000000000000000010A /* memtable.cc */; };
		DD0000000000000000100B /* repair.cc in Sources */ = {isa = PBXBuildFile; fileRef = DD000000000000000000010B /* repair.cc */; };
		DD0000000000000000100C /* table_cache.cc in Sources */ = {isa = PBXBuildFile; fileRef = DD000000000000000000010C /* table_cache.cc */; };
		DD0000000000000000100D /* version_edit.cc in Sources */ = {isa = PBXBuildFile; fileRef = DD000000000000000000010D /* version_edit.cc */; };
		DD0000000000000000100E /* version_set.cc in Sources */ = {isa = PBXBuildFile; fileRef = DD000000000000000000010E /* version_set.cc */; };
		DD0000000000000000100F /* write_batch.cc in Sources */ = {isa = PBXBuildFile; fileRef = DD000000000000000000010F /* write_batch.cc */; };
		DD00000000000000001010 /* memenv.cc in Sources */ = {isa = PBXBuildFile; fileRef = DD0000000000000000000110 /* memenv.cc */; };
		DD00000000000000001011 /* block.cc in Sources */ = {isa = PBXBuildFile; fileRef = DD0000000000000000000111 /* block.cc */; };
		DD00000000000000001012 /* block_builder.cc in Sources */ = {isa = PBXBuildFile; fileRef = DD0000000000000000000112 /* block_builder.cc */; };
		DD00000000000000001013 /* filter_block.cc in Sources */ = {isa = PBXBuildFile; fileRef = DD0000000000000000000113 /* filter_block.cc */; };
		DD00000000000000001014 /* format.cc in Sources */ = {isa = PBXBuildFile; fileRef = DD0000000000000000000114 /* format.cc */; };
		DD00000000000000001015 /* iterator.cc in Sources */ = {isa = PBXBuildFile; fileRef = DD0000000000000000000115 /* iterator.cc */; };
		DD00000000000000001016 /* merger.cc in Sources */ = {isa = PBXBuildFile; fileRef = DD0000000000000000000116 /* merger.cc */; };
		DD00000000000000001017 /* table.cc in Sources */ = {isa = PBXBuildFile; fileRef = DD0000000000000000000117 /* table.cc */; };
		DD00000000000000001018 /* table_builder.cc in Sources */ = {isa = PBXBuildFile; fileRef = DD0000000000000000000118 /* table_builder.cc */; };
		DD00000000000000001019 /* two_level_iterator.cc in Sources */ = {isa = PBXBuildFile; fileRef = DD0000000000000000000119 /* two_level_iterator.cc */; };
		DD0000000000000000101A /* arena.cc in Sources */ = {isa = PBXBuildFile; fileRef = DD000000000000000000011A /* arena.cc */; };
		DD0000000000000000101B /* bloom.cc in Sources */ = {isa = PBXBuildFile; fileRef = DD000000000000000000011B /* bloom.cc */; };
		DD0000000000000000101C /* cache.cc in Sources */ = {isa = PBXBuildFile; fileRef = DD000000000000000000011C /* cache.cc */; };
		DD0000000000000000101D /* coding.cc in Sources */ = {isa = PBXBuildFile; fileRef = DD000000000000000000011D /* coding.cc */; };
		DD0000000000000000101E /* comparator.cc in Sources */ = {isa = PBXBuildFile; fileRef = DD000000000000000000011E /* comparator.cc */; };
		DD0000000000000000101F /* crc32c.cc in Sources */ = {isa = PBXBuildFile; fileRef = DD000000000000000000011F /* crc32c.cc */; };
		DD00000000000000001020 /* env.cc in Sources */ = {isa = PBXBuildFile; fileRef = DD0000000000000000000120 /* env.cc */; };
		DD00000000000000001021 /* env_posix.cc in Sources */ = {isa = PBXBuildFile; fileRef = DD0000000000000000000121 /* env_posix.cc */; };
		DD00000000000000001022 /* filter_policy.cc in Sources */ = {isa = PBXBuildFile; fileRef = DD0000000000000000000122 /* filter_policy.cc */; };
		DD00000000000000001023 /* hash.cc in Sources */ = {isa = PBXBuildFile; fileRef = DD0000000000000000000123 /* hash.cc */; };
		DD00000000000000001024 /* logging.cc in Sources */ = {isa = PBXBuildFile; fileRef = DD0000000000000000000124 /* logging.cc */; };
		DD00000000000000001025 /* options.cc in Sources */ = {isa = PBXBuildFile; fileRef = DD0000000000000000000125 /* options.cc */; };
		DD00000000000000001026 /* status.cc in Sources */ = {isa = PBXBuildFile; fileRef = DD0000000000000000000126 /* status.cc */; };
		EE0000000000000000000101 /* BalanceSample.swift in Sources */ = {isa = PBXBuildFile; fileRef = EE0000000000000000000001 /* BalanceSample.swift */; };
		EE0000000000000000000102 /* BalanceTrendModels.swift in Sources */ = {isa = PBXBuildFile; fileRef = EE0000000000000000000002 /* BalanceTrendModels.swift */; };
		EE0000000000000000000103 /* BalanceHistoryStoring.swift in Sources */ = {isa = PBXBuildFile; fileRef = EE0000000000000000000003 /* BalanceHistoryStoring.swift */; };
		EE0000000000000000000104 /* LevelDBError.swift in Sources */ = {isa = PBXBuildFile; fileRef = EE0000000000000000000004 /* LevelDBError.swift */; };
		EE0000000000000000000105 /* HistoryKeyCodec.swift in Sources */ = {isa = PBXBuildFile; fileRef = EE0000000000000000000005 /* HistoryKeyCodec.swift */; };
		EE0000000000000000000106 /* HistoryValueCodec.swift in Sources */ = {isa = PBXBuildFile; fileRef = EE0000000000000000000006 /* HistoryValueCodec.swift */; };
		EE0000000000000000000107 /* InMemoryBalanceHistoryStore.swift in Sources */ = {isa = PBXBuildFile; fileRef = EE0000000000000000000007 /* InMemoryBalanceHistoryStore.swift */; };
		EE0000000000000000000108 /* LevelDBBalanceHistoryStore.swift in Sources */ = {isa = PBXBuildFile; fileRef = EE0000000000000000000008 /* LevelDBBalanceHistoryStore.swift */; };
		EE0000000000000000000109 /* BalanceHistoryService.swift in Sources */ = {isa = PBXBuildFile; fileRef = EE0000000000000000000009 /* BalanceHistoryService.swift */; };
		EE000000000000000000010A /* CredentialFingerprint.swift in Sources */ = {isa = PBXBuildFile; fileRef = EE000000000000000000000A /* CredentialFingerprint.swift */; };
		EE000000000000000000010B /* RefreshCoordinator.swift in Sources */ = {isa = PBXBuildFile; fileRef = EE000000000000000000000B /* RefreshCoordinator.swift */; };
		EE000000000000000000010C /* BalanceTrendChartView.swift in Sources */ = {isa = PBXBuildFile; fileRef = EE000000000000000000000C /* BalanceTrendChartView.swift */; };
		EE000000000000000000010D /* BalanceTrendEmptyView.swift in Sources */ = {isa = PBXBuildFile; fileRef = EE000000000000000000000D /* BalanceTrendEmptyView.swift */; };
		EE000000000000000000010E /* libleveldb.a in Frameworks */ = {isa = PBXBuildFile; fileRef = EE0000000000000000000040 /* libleveldb.a */; };
		AA0000000000000000000401 /* CodexUsageModels.swift in Sources */ = {isa = PBXBuildFile; fileRef = BB0000000000000000000201 /* CodexUsageModels.swift */; };
		AA0000000000000000000402 /* CodexUsageClient.swift in Sources */ = {isa = PBXBuildFile; fileRef = BB0000000000000000000202 /* CodexUsageClient.swift */; };
		AA0000000000000000000403 /* CodexAuthProvider.swift in Sources */ = {isa = PBXBuildFile; fileRef = BB0000000000000000000203 /* CodexAuthProvider.swift */; };
		AA0000000000000000000404 /* CodexUsageStore.swift in Sources */ = {isa = PBXBuildFile; fileRef = BB0000000000000000000204 /* CodexUsageStore.swift */; };
		AA0000000000000000000405 /* CodexUsageView.swift in Sources */ = {isa = PBXBuildFile; fileRef = BB0000000000000000000205 /* CodexUsageView.swift */; };
		AA0000000000000000000406 /* CodexUsageSample.swift in Sources */ = {isa = PBXBuildFile; fileRef = BB0000000000000000000206 /* CodexUsageSample.swift */; };
		AA0000000000000000000407 /* CodexHistory.swift in Sources */ = {isa = PBXBuildFile; fileRef = BB0000000000000000000207 /* CodexHistory.swift */; };
		AA0000000000000000000408 /* LevelDBCodexHistoryStore.swift in Sources */ = {isa = PBXBuildFile; fileRef = BB0000000000000000000208 /* LevelDBCodexHistoryStore.swift */; };
		AA0000000000000000000409 /* CodexHistoryService.swift in Sources */ = {isa = PBXBuildFile; fileRef = BB0000000000000000000209 /* CodexHistoryService.swift */; };
		AA000000000000000000040A /* CodexTrendChartView.swift in Sources */ = {isa = PBXBuildFile; fileRef = BB000000000000000000020A /* CodexTrendChartView.swift */; };
		AA000000000000000000040B /* SettingsWindow.swift in Sources */ = {isa = PBXBuildFile; fileRef = BB000000000000000000020B /* SettingsWindow.swift */; };
		AA000000000000000000040C /* SettingsView.swift in Sources */ = {isa = PBXBuildFile; fileRef = BB000000000000000000020C /* SettingsView.swift */; };
		AA000000000000000000040D /* CursorUsageModels.swift in Sources */ = {isa = PBXBuildFile; fileRef = BB000000000000000000020D /* CursorUsageModels.swift */; };
		AA000000000000000000040E /* CursorUsageClient.swift in Sources */ = {isa = PBXBuildFile; fileRef = BB000000000000000000020E /* CursorUsageClient.swift */; };
		AA000000000000000000040F /* CursorAuthProvider.swift in Sources */ = {isa = PBXBuildFile; fileRef = BB000000000000000000020F /* CursorAuthProvider.swift */; };
		AA0000000000000000000410 /* CursorUsageStore.swift in Sources */ = {isa = PBXBuildFile; fileRef = BB0000000000000000000210 /* CursorUsageStore.swift */; };
		AA0000000000000000000411 /* CursorUsageView.swift in Sources */ = {isa = PBXBuildFile; fileRef = BB0000000000000000000211 /* CursorUsageView.swift */; };
		AA0000000000000000000412 /* CursorUsageSample.swift in Sources */ = {isa = PBXBuildFile; fileRef = BB0000000000000000000212 /* CursorUsageSample.swift */; };
		AA0000000000000000000413 /* CursorHistory.swift in Sources */ = {isa = PBXBuildFile; fileRef = BB0000000000000000000213 /* CursorHistory.swift */; };
		AA0000000000000000000414 /* LevelDBCursorHistoryStore.swift in Sources */ = {isa = PBXBuildFile; fileRef = BB0000000000000000000214 /* LevelDBCursorHistoryStore.swift */; };
		AA0000000000000000000415 /* CursorHistoryService.swift in Sources */ = {isa = PBXBuildFile; fileRef = BB0000000000000000000215 /* CursorHistoryService.swift */; };
		AA0000000000000000000416 /* CursorTrendChartView.swift in Sources */ = {isa = PBXBuildFile; fileRef = BB0000000000000000000216 /* CursorTrendChartView.swift */; };
		AA0000000000000000000417 /* OpenCodeUsageModels.swift in Sources */ = {isa = PBXBuildFile; fileRef = BB0000000000000000000217 /* OpenCodeUsageModels.swift */; };
		AA0000000000000000000418 /* OpenCodeUsageClient.swift in Sources */ = {isa = PBXBuildFile; fileRef = BB0000000000000000000218 /* OpenCodeUsageClient.swift */; };
		AA0000000000000000000419 /* OpenCodeUsageStore.swift in Sources */ = {isa = PBXBuildFile; fileRef = BB0000000000000000000219 /* OpenCodeUsageStore.swift */; };
		AA000000000000000000041A /* OpenCodeUsageView.swift in Sources */ = {isa = PBXBuildFile; fileRef = BB000000000000000000021A /* OpenCodeUsageView.swift */; };
		AA000000000000000000041B /* OpenCodeTrendChartView.swift in Sources */ = {isa = PBXBuildFile; fileRef = BB000000000000000000021B /* OpenCodeTrendChartView.swift */; };
		AA000000000000000000041C /* OpenCodeHistory.swift in Sources */ = {isa = PBXBuildFile; fileRef = BB000000000000000000021C /* OpenCodeHistory.swift */; };
		AA000000000000000000020D /* CodexUsageTests.swift in Sources */ = {isa = PBXBuildFile; fileRef = CC0000000000000000000108 /* CodexUsageTests.swift */; };
		AA000000000000000000020E /* MenuBarVendorVisibilityTests.swift in Sources */ = {isa = PBXBuildFile; fileRef = CC0000000000000000000109 /* MenuBarVendorVisibilityTests.swift */; };
		AA000000000000000000020F /* InMemoryCodexHistoryStore.swift in Sources */ = {isa = PBXBuildFile; fileRef = CC000000000000000000010A /* InMemoryCodexHistoryStore.swift */; };
		AA0000000000000000000210 /* CodexHistoryTests.swift in Sources */ = {isa = PBXBuildFile; fileRef = CC000000000000000000010B /* CodexHistoryTests.swift */; };
		AA0000000000000000000211 /* InMemoryCursorHistoryStore.swift in Sources */ = {isa = PBXBuildFile; fileRef = CC000000000000000000010C /* InMemoryCursorHistoryStore.swift */; };
		AA0000000000000000000212 /* CursorUsageTests.swift in Sources */ = {isa = PBXBuildFile; fileRef = CC000000000000000000010D /* CursorUsageTests.swift */; };
		AA0000000000000000000213 /* CursorHistoryTests.swift in Sources */ = {isa = PBXBuildFile; fileRef = CC000000000000000000010E /* CursorHistoryTests.swift */; };
		AA0000000000000000000214 /* OpenCodeUsageTests.swift in Sources */ = {isa = PBXBuildFile; fileRef = CC000000000000000000010F /* OpenCodeUsageTests.swift */; };
		FF0000000000000000000101 /* TimeBucketTests.swift in Sources */ = {isa = PBXBuildFile; fileRef = FF0000000000000000000001 /* TimeBucketTests.swift */; };
		FF0000000000000000000102 /* InMemoryHistoryStoreTests.swift in Sources */ = {isa = PBXBuildFile; fileRef = FF0000000000000000000002 /* InMemoryHistoryStoreTests.swift */; };
		FF0000000000000000000103 /* LevelDBBalanceHistoryStoreTests.swift in Sources */ = {isa = PBXBuildFile; fileRef = FF0000000000000000000003 /* LevelDBBalanceHistoryStoreTests.swift */; };
		FF0000000000000000000104 /* BalanceHistoryServiceTests.swift in Sources */ = {isa = PBXBuildFile; fileRef = FF0000000000000000000004 /* BalanceHistoryServiceTests.swift */; };
		FF0000000000000000000105 /* BalanceTrendTests.swift in Sources */ = {isa = PBXBuildFile; fileRef = FF0000000000000000000005 /* BalanceTrendTests.swift */; };
		FF0000000000000000000106 /* StoreStateCoordinationTests.swift in Sources */ = {isa = PBXBuildFile; fileRef = FF0000000000000000000006 /* StoreStateCoordinationTests.swift */; };
/* End PBXBuildFile section */

/* Begin PBXContainerItemProxy section */
		AA0000000000000000007001 /* PBXContainerItemProxy */ = {
			isa = PBXContainerItemProxy;
			containerPortal = AA0000000000000000004000 /* Project object */;
			proxyType = 1;
			remoteGlobalIDString = AA0000000000000000003001;
			remoteInfo = DeepSeekBalance;
		};
		EE0000000000000000000050 /* PBXContainerItemProxy */ = {
			isa = PBXContainerItemProxy;
			containerPortal = AA0000000000000000004000 /* Project object */;
			proxyType = 1;
			remoteGlobalIDString = DD0000000000000000000020;
			remoteInfo = LevelDB;
		};
/* End PBXContainerItemProxy section */

/* Begin PBXFileReference section */
		AA0000000000000000000001 /* DeepSeekBalance.app */ = {isa = PBXFileReference; explicitFileType = wrapper.application; includeInIndex = 0; path = DeepSeekBalance.app; sourceTree = BUILT_PRODUCTS_DIR; };
		AA0000000000000000000002 /* DeepSeekBalanceTests.xctest */ = {isa = PBXFileReference; explicitFileType = wrapper.cfbundle; includeInIndex = 0; path = DeepSeekBalanceTests.xctest; sourceTree = BUILT_PRODUCTS_DIR; };
		BB0000000000000000000001 /* DeepSeekBalanceApp.swift */ = {isa = PBXFileReference; lastKnownFileType = sourcecode.swift; path = DeepSeekBalanceApp.swift; sourceTree = "<group>"; };
		BB0000000000000000000002 /* BalanceStore.swift */ = {isa = PBXFileReference; lastKnownFileType = sourcecode.swift; path = BalanceStore.swift; sourceTree = "<group>"; };
		BB0000000000000000000003 /* BalanceModels.swift */ = {isa = PBXFileReference; lastKnownFileType = sourcecode.swift; path = BalanceModels.swift; sourceTree = "<group>"; };
		BB0000000000000000000004 /* DeepSeekAPIClient.swift */ = {isa = PBXFileReference; lastKnownFileType = sourcecode.swift; path = DeepSeekAPIClient.swift; sourceTree = "<group>"; };
		BB0000000000000000000005 /* APIKeyProvider.swift */ = {isa = PBXFileReference; lastKnownFileType = sourcecode.swift; path = APIKeyProvider.swift; sourceTree = "<group>"; };
		BB0000000000000000000006 /* KeychainStore.swift */ = {isa = PBXFileReference; lastKnownFileType = sourcecode.swift; path = KeychainStore.swift; sourceTree = "<group>"; };
		BB0000000000000000000008 /* BalancePopoverView.swift */ = {isa = PBXFileReference; lastKnownFileType = sourcecode.swift; path = BalancePopoverView.swift; sourceTree = "<group>"; };
		BB0000000000000000000009 /* Assets.xcassets */ = {isa = PBXFileReference; lastKnownFileType = folder.assetcatalog; path = Assets.xcassets; sourceTree = "<group>"; };
		BB000000000000000000000A /* Info.plist */ = {isa = PBXFileReference; lastKnownFileType = text.plist.xml; path = Info.plist; sourceTree = "<group>"; };
		BB000000000000000000000B /* DeepSeekBalance.entitlements */ = {isa = PBXFileReference; lastKnownFileType = text.plist.entitlements; path = DeepSeekBalance.entitlements; sourceTree = "<group>"; };
		BB000000000000000000000C /* Security.framework */ = {isa = PBXFileReference; lastKnownFileType = wrapper.framework; name = Security.framework; path = System/Library/Frameworks/Security.framework; sourceTree = SDKROOT; };
		BB0000000000000000000101 /* AppLanguage.swift */ = {isa = PBXFileReference; lastKnownFileType = sourcecode.swift; path = AppLanguage.swift; sourceTree = "<group>"; };
		BB0000000000000000000102 /* L10n.swift */ = {isa = PBXFileReference; lastKnownFileType = sourcecode.swift; path = L10n.swift; sourceTree = "<group>"; };
		BB0000000000000000000103 /* AppDisplayError.swift */ = {isa = PBXFileReference; lastKnownFileType = sourcecode.swift; path = AppDisplayError.swift; sourceTree = "<group>"; };
		BB0000000000000000000104 /* NotificationObservation.swift */ = {isa = PBXFileReference; lastKnownFileType = sourcecode.swift; path = NotificationObservation.swift; sourceTree = "<group>"; };
		BB0000000000000000000105 /* LoginItemManager.swift */ = {isa = PBXFileReference; lastKnownFileType = sourcecode.swift; path = LoginItemManager.swift; sourceTree = "<group>"; };
		BB0000000000000000000106 /* DeepSeekStatusModels.swift */ = {isa = PBXFileReference; lastKnownFileType = sourcecode.swift; path = DeepSeekStatusModels.swift; sourceTree = "<group>"; };
		BB0000000000000000000107 /* DeepSeekStatusClient.swift */ = {isa = PBXFileReference; lastKnownFileType = sourcecode.swift; path = DeepSeekStatusClient.swift; sourceTree = "<group>"; };
		BB0000000000000000000108 /* DeepSeekStatusMapper.swift */ = {isa = PBXFileReference; lastKnownFileType = sourcecode.swift; path = DeepSeekStatusMapper.swift; sourceTree = "<group>"; };
		BB0000000000000000000109 /* DeepSeekStatusStore.swift */ = {isa = PBXFileReference; lastKnownFileType = sourcecode.swift; path = DeepSeekStatusStore.swift; sourceTree = "<group>"; };
		BB000000000000000000010A /* DeepSeekServiceStatusView.swift */ = {isa = PBXFileReference; lastKnownFileType = sourcecode.swift; path = DeepSeekServiceStatusView.swift; sourceTree = "<group>"; };
		BB0000000000000000000110 /* ServiceStatusStoring.swift */ = {isa = PBXFileReference; lastKnownFileType = sourcecode.swift; path = ServiceStatusStoring.swift; sourceTree = "<group>"; };
		BB0000000000000000000111 /* StatusPageClient.swift */ = {isa = PBXFileReference; lastKnownFileType = sourcecode.swift; path = StatusPageClient.swift; sourceTree = "<group>"; };
		BB0000000000000000000112 /* StatusPageModels.swift */ = {isa = PBXFileReference; lastKnownFileType = sourcecode.swift; path = StatusPageModels.swift; sourceTree = "<group>"; };
		BB0000000000000000000113 /* StatusPageMapper.swift */ = {isa = PBXFileReference; lastKnownFileType = sourcecode.swift; path = StatusPageMapper.swift; sourceTree = "<group>"; };
		BB0000000000000000000114 /* StatusPageStatusStore.swift */ = {isa = PBXFileReference; lastKnownFileType = sourcecode.swift; path = StatusPageStatusStore.swift; sourceTree = "<group>"; };
		BB000000000000000000010B /* StatusItemController.swift */ = {isa = PBXFileReference; lastKnownFileType = sourcecode.swift; path = StatusItemController.swift; sourceTree = "<group>"; };
		BB0000000000000000000201 /* CodexUsageModels.swift */ = {isa = PBXFileReference; lastKnownFileType = sourcecode.swift; path = CodexUsageModels.swift; sourceTree = "<group>"; };
		BB0000000000000000000202 /* CodexUsageClient.swift */ = {isa = PBXFileReference; lastKnownFileType = sourcecode.swift; path = CodexUsageClient.swift; sourceTree = "<group>"; };
		BB0000000000000000000203 /* CodexAuthProvider.swift */ = {isa = PBXFileReference; lastKnownFileType = sourcecode.swift; path = CodexAuthProvider.swift; sourceTree = "<group>"; };
		BB0000000000000000000204 /* CodexUsageStore.swift */ = {isa = PBXFileReference; lastKnownFileType = sourcecode.swift; path = CodexUsageStore.swift; sourceTree = "<group>"; };
		BB0000000000000000000205 /* CodexUsageView.swift */ = {isa = PBXFileReference; lastKnownFileType = sourcecode.swift; path = CodexUsageView.swift; sourceTree = "<group>"; };
		BB0000000000000000000206 /* CodexUsageSample.swift */ = {isa = PBXFileReference; lastKnownFileType = sourcecode.swift; path = CodexUsageSample.swift; sourceTree = "<group>"; };
		BB0000000000000000000207 /* CodexHistory.swift */ = {isa = PBXFileReference; lastKnownFileType = sourcecode.swift; path = CodexHistory.swift; sourceTree = "<group>"; };
		BB0000000000000000000208 /* LevelDBCodexHistoryStore.swift */ = {isa = PBXFileReference; lastKnownFileType = sourcecode.swift; path = LevelDBCodexHistoryStore.swift; sourceTree = "<group>"; };
		BB0000000000000000000209 /* CodexHistoryService.swift */ = {isa = PBXFileReference; lastKnownFileType = sourcecode.swift; path = CodexHistoryService.swift; sourceTree = "<group>"; };
		BB000000000000000000020A /* CodexTrendChartView.swift */ = {isa = PBXFileReference; lastKnownFileType = sourcecode.swift; path = CodexTrendChartView.swift; sourceTree = "<group>"; };
		BB000000000000000000020B /* SettingsWindow.swift */ = {isa = PBXFileReference; lastKnownFileType = sourcecode.swift; path = SettingsWindow.swift; sourceTree = "<group>"; };
		BB000000000000000000020C /* SettingsView.swift */ = {isa = PBXFileReference; lastKnownFileType = sourcecode.swift; path = SettingsView.swift; sourceTree = "<group>"; };
		BB000000000000000000020D /* CursorUsageModels.swift */ = {isa = PBXFileReference; lastKnownFileType = sourcecode.swift; path = CursorUsageModels.swift; sourceTree = "<group>"; };
		BB000000000000000000020E /* CursorUsageClient.swift */ = {isa = PBXFileReference; lastKnownFileType = sourcecode.swift; path = CursorUsageClient.swift; sourceTree = "<group>"; };
		BB000000000000000000020F /* CursorAuthProvider.swift */ = {isa = PBXFileReference; lastKnownFileType = sourcecode.swift; path = CursorAuthProvider.swift; sourceTree = "<group>"; };
		BB0000000000000000000210 /* CursorUsageStore.swift */ = {isa = PBXFileReference; lastKnownFileType = sourcecode.swift; path = CursorUsageStore.swift; sourceTree = "<group>"; };
		BB0000000000000000000211 /* CursorUsageView.swift */ = {isa = PBXFileReference; lastKnownFileType = sourcecode.swift; path = CursorUsageView.swift; sourceTree = "<group>"; };
		BB0000000000000000000212 /* CursorUsageSample.swift */ = {isa = PBXFileReference; lastKnownFileType = sourcecode.swift; path = CursorUsageSample.swift; sourceTree = "<group>"; };
		BB0000000000000000000213 /* CursorHistory.swift */ = {isa = PBXFileReference; lastKnownFileType = sourcecode.swift; path = CursorHistory.swift; sourceTree = "<group>"; };
		BB0000000000000000000214 /* LevelDBCursorHistoryStore.swift */ = {isa = PBXFileReference; lastKnownFileType = sourcecode.swift; path = LevelDBCursorHistoryStore.swift; sourceTree = "<group>"; };
		BB0000000000000000000215 /* CursorHistoryService.swift */ = {isa = PBXFileReference; lastKnownFileType = sourcecode.swift; path = CursorHistoryService.swift; sourceTree = "<group>"; };
		BB0000000000000000000216 /* CursorTrendChartView.swift */ = {isa = PBXFileReference; lastKnownFileType = sourcecode.swift; path = CursorTrendChartView.swift; sourceTree = "<group>"; };
		BB0000000000000000000217 /* OpenCodeUsageModels.swift */ = {isa = PBXFileReference; lastKnownFileType = sourcecode.swift; path = OpenCodeUsageModels.swift; sourceTree = "<group>"; };
		BB0000000000000000000218 /* OpenCodeUsageClient.swift */ = {isa = PBXFileReference; lastKnownFileType = sourcecode.swift; path = OpenCodeUsageClient.swift; sourceTree = "<group>"; };
		BB0000000000000000000219 /* OpenCodeUsageStore.swift */ = {isa = PBXFileReference; lastKnownFileType = sourcecode.swift; path = OpenCodeUsageStore.swift; sourceTree = "<group>"; };
		BB000000000000000000021A /* OpenCodeUsageView.swift */ = {isa = PBXFileReference; lastKnownFileType = sourcecode.swift; path = OpenCodeUsageView.swift; sourceTree = "<group>"; };
		BB000000000000000000021B /* OpenCodeTrendChartView.swift */ = {isa = PBXFileReference; lastKnownFileType = sourcecode.swift; path = OpenCodeTrendChartView.swift; sourceTree = "<group>"; };
		BB000000000000000000021C /* OpenCodeHistory.swift */ = {isa = PBXFileReference; lastKnownFileType = sourcecode.swift; path = OpenCodeHistory.swift; sourceTree = "<group>"; };
		BB000000000000000000010D /* AppAppearance.swift */ = {isa = PBXFileReference; lastKnownFileType = sourcecode.swift; path = AppAppearance.swift; sourceTree = "<group>"; };
		BB000000000000000000010C /* Localizable.xcstrings */ = {isa = PBXFileReference; lastKnownFileType = text.json.xcstrings; path = Localizable.xcstrings; sourceTree = "<group>"; };
		CC0000000000000000000001 /* DeepSeekBalanceTests.swift */ = {isa = PBXFileReference; lastKnownFileType = sourcecode.swift; path = DeepSeekBalanceTests.swift; sourceTree = "<group>"; };
		CC0000000000000000000002 /* MockURLProtocol.swift */ = {isa = PBXFileReference; lastKnownFileType = sourcecode.swift; path = MockURLProtocol.swift; sourceTree = "<group>"; };
		CC0000000000000000000003 /* Fakes.swift */ = {isa = PBXFileReference; lastKnownFileType = sourcecode.swift; path = Fakes.swift; sourceTree = "<group>"; };
		CC0000000000000000000004 /* BalanceClientTests.swift */ = {isa = PBXFileReference; lastKnownFileType = sourcecode.swift; path = BalanceClientTests.swift; sourceTree = "<group>"; };
		CC0000000000000000000005 /* BalanceStoreTests.swift */ = {isa = PBXFileReference; lastKnownFileType = sourcecode.swift; path = BalanceStoreTests.swift; sourceTree = "<group>"; };
		CC0000000000000000000101 /* AppLanguageTests.swift */ = {isa = PBXFileReference; lastKnownFileType = sourcecode.swift; path = AppLanguageTests.swift; sourceTree = "<group>"; };
		CC0000000000000000000102 /* L10nTests.swift */ = {isa = PBXFileReference; lastKnownFileType = sourcecode.swift; path = L10nTests.swift; sourceTree = "<group>"; };
		CC0000000000000000000103 /* ServiceStatusTests.swift */ = {isa = PBXFileReference; lastKnownFileType = sourcecode.swift; path = ServiceStatusTests.swift; sourceTree = "<group>"; };
		CC0000000000000000000104 /* LoginItemTests.swift */ = {isa = PBXFileReference; lastKnownFileType = sourcecode.swift; path = LoginItemTests.swift; sourceTree = "<group>"; };
		CC0000000000000000000105 /* LevelDBFailureTests.swift */ = {isa = PBXFileReference; lastKnownFileType = sourcecode.swift; path = LevelDBFailureTests.swift; sourceTree = "<group>"; };
		CC0000000000000000000106 /* TrendChartModelTests.swift */ = {isa = PBXFileReference; lastKnownFileType = sourcecode.swift; path = TrendChartModelTests.swift; sourceTree = "<group>"; };
		CC0000000000000000000107 /* BuildScriptTests.swift */ = {isa = PBXFileReference; lastKnownFileType = sourcecode.swift; path = BuildScriptTests.swift; sourceTree = "<group>"; };
		CC0000000000000000000108 /* CodexUsageTests.swift */ = {isa = PBXFileReference; lastKnownFileType = sourcecode.swift; path = CodexUsageTests.swift; sourceTree = "<group>"; };
		CC0000000000000000000109 /* MenuBarVendorVisibilityTests.swift */ = {isa = PBXFileReference; lastKnownFileType = sourcecode.swift; path = MenuBarVendorVisibilityTests.swift; sourceTree = "<group>"; };
		CC000000000000000000010A /* InMemoryCodexHistoryStore.swift */ = {isa = PBXFileReference; lastKnownFileType = sourcecode.swift; path = InMemoryCodexHistoryStore.swift; sourceTree = "<group>"; };
		CC000000000000000000010B /* CodexHistoryTests.swift */ = {isa = PBXFileReference; lastKnownFileType = sourcecode.swift; path = CodexHistoryTests.swift; sourceTree = "<group>"; };
		CC000000000000000000010C /* InMemoryCursorHistoryStore.swift */ = {isa = PBXFileReference; lastKnownFileType = sourcecode.swift; path = InMemoryCursorHistoryStore.swift; sourceTree = "<group>"; };
		CC000000000000000000010D /* CursorUsageTests.swift */ = {isa = PBXFileReference; lastKnownFileType = sourcecode.swift; path = CursorUsageTests.swift; sourceTree = "<group>"; };
		CC000000000000000000010E /* CursorHistoryTests.swift */ = {isa = PBXFileReference; lastKnownFileType = sourcecode.swift; path = CursorHistoryTests.swift; sourceTree = "<group>"; };
		CC000000000000000000010F /* OpenCodeUsageTests.swift */ = {isa = PBXFileReference; lastKnownFileType = sourcecode.swift; path = OpenCodeUsageTests.swift; sourceTree = "<group>"; };
		DD0000000000000000000101 /* builder.cc */ = {isa = PBXFileReference; lastKnownFileType = sourcecode.cpp.cpp; path = "db/builder.cc"; sourceTree = "<group>"; };
		DD0000000000000000000102 /* c.cc */ = {isa = PBXFileReference; lastKnownFileType = sourcecode.cpp.cpp; path = "db/c.cc"; sourceTree = "<group>"; };
		DD0000000000000000000103 /* db_impl.cc */ = {isa = PBXFileReference; lastKnownFileType = sourcecode.cpp.cpp; path = "db/db_impl.cc"; sourceTree = "<group>"; };
		DD0000000000000000000104 /* db_iter.cc */ = {isa = PBXFileReference; lastKnownFileType = sourcecode.cpp.cpp; path = "db/db_iter.cc"; sourceTree = "<group>"; };
		DD0000000000000000000105 /* dbformat.cc */ = {isa = PBXFileReference; lastKnownFileType = sourcecode.cpp.cpp; path = "db/dbformat.cc"; sourceTree = "<group>"; };
		DD0000000000000000000106 /* dumpfile.cc */ = {isa = PBXFileReference; lastKnownFileType = sourcecode.cpp.cpp; path = "db/dumpfile.cc"; sourceTree = "<group>"; };
		DD0000000000000000000107 /* filename.cc */ = {isa = PBXFileReference; lastKnownFileType = sourcecode.cpp.cpp; path = "db/filename.cc"; sourceTree = "<group>"; };
		DD0000000000000000000108 /* log_reader.cc */ = {isa = PBXFileReference; lastKnownFileType = sourcecode.cpp.cpp; path = "db/log_reader.cc"; sourceTree = "<group>"; };
		DD0000000000000000000109 /* log_writer.cc */ = {isa = PBXFileReference; lastKnownFileType = sourcecode.cpp.cpp; path = "db/log_writer.cc"; sourceTree = "<group>"; };
		DD000000000000000000010A /* memtable.cc */ = {isa = PBXFileReference; lastKnownFileType = sourcecode.cpp.cpp; path = "db/memtable.cc"; sourceTree = "<group>"; };
		DD000000000000000000010B /* repair.cc */ = {isa = PBXFileReference; lastKnownFileType = sourcecode.cpp.cpp; path = "db/repair.cc"; sourceTree = "<group>"; };
		DD000000000000000000010C /* table_cache.cc */ = {isa = PBXFileReference; lastKnownFileType = sourcecode.cpp.cpp; path = "db/table_cache.cc"; sourceTree = "<group>"; };
		DD000000000000000000010D /* version_edit.cc */ = {isa = PBXFileReference; lastKnownFileType = sourcecode.cpp.cpp; path = "db/version_edit.cc"; sourceTree = "<group>"; };
		DD000000000000000000010E /* version_set.cc */ = {isa = PBXFileReference; lastKnownFileType = sourcecode.cpp.cpp; path = "db/version_set.cc"; sourceTree = "<group>"; };
		DD000000000000000000010F /* write_batch.cc */ = {isa = PBXFileReference; lastKnownFileType = sourcecode.cpp.cpp; path = "db/write_batch.cc"; sourceTree = "<group>"; };
		DD0000000000000000000110 /* memenv.cc */ = {isa = PBXFileReference; lastKnownFileType = sourcecode.cpp.cpp; path = "helpers/memenv/memenv.cc"; sourceTree = "<group>"; };
		DD0000000000000000000111 /* block.cc */ = {isa = PBXFileReference; lastKnownFileType = sourcecode.cpp.cpp; path = "table/block.cc"; sourceTree = "<group>"; };
		DD0000000000000000000112 /* block_builder.cc */ = {isa = PBXFileReference; lastKnownFileType = sourcecode.cpp.cpp; path = "table/block_builder.cc"; sourceTree = "<group>"; };
		DD0000000000000000000113 /* filter_block.cc */ = {isa = PBXFileReference; lastKnownFileType = sourcecode.cpp.cpp; path = "table/filter_block.cc"; sourceTree = "<group>"; };
		DD0000000000000000000114 /* format.cc */ = {isa = PBXFileReference; lastKnownFileType = sourcecode.cpp.cpp; path = "table/format.cc"; sourceTree = "<group>"; };
		DD0000000000000000000115 /* iterator.cc */ = {isa = PBXFileReference; lastKnownFileType = sourcecode.cpp.cpp; path = "table/iterator.cc"; sourceTree = "<group>"; };
		DD0000000000000000000116 /* merger.cc */ = {isa = PBXFileReference; lastKnownFileType = sourcecode.cpp.cpp; path = "table/merger.cc"; sourceTree = "<group>"; };
		DD0000000000000000000117 /* table.cc */ = {isa = PBXFileReference; lastKnownFileType = sourcecode.cpp.cpp; path = "table/table.cc"; sourceTree = "<group>"; };
		DD0000000000000000000118 /* table_builder.cc */ = {isa = PBXFileReference; lastKnownFileType = sourcecode.cpp.cpp; path = "table/table_builder.cc"; sourceTree = "<group>"; };
		DD0000000000000000000119 /* two_level_iterator.cc */ = {isa = PBXFileReference; lastKnownFileType = sourcecode.cpp.cpp; path = "table/two_level_iterator.cc"; sourceTree = "<group>"; };
		DD000000000000000000011A /* arena.cc */ = {isa = PBXFileReference; lastKnownFileType = sourcecode.cpp.cpp; path = "util/arena.cc"; sourceTree = "<group>"; };
		DD000000000000000000011B /* bloom.cc */ = {isa = PBXFileReference; lastKnownFileType = sourcecode.cpp.cpp; path = "util/bloom.cc"; sourceTree = "<group>"; };
		DD000000000000000000011C /* cache.cc */ = {isa = PBXFileReference; lastKnownFileType = sourcecode.cpp.cpp; path = "util/cache.cc"; sourceTree = "<group>"; };
		DD000000000000000000011D /* coding.cc */ = {isa = PBXFileReference; lastKnownFileType = sourcecode.cpp.cpp; path = "util/coding.cc"; sourceTree = "<group>"; };
		DD000000000000000000011E /* comparator.cc */ = {isa = PBXFileReference; lastKnownFileType = sourcecode.cpp.cpp; path = "util/comparator.cc"; sourceTree = "<group>"; };
		DD000000000000000000011F /* crc32c.cc */ = {isa = PBXFileReference; lastKnownFileType = sourcecode.cpp.cpp; path = "util/crc32c.cc"; sourceTree = "<group>"; };
		DD0000000000000000000120 /* env.cc */ = {isa = PBXFileReference; lastKnownFileType = sourcecode.cpp.cpp; path = "util/env.cc"; sourceTree = "<group>"; };
		DD0000000000000000000121 /* env_posix.cc */ = {isa = PBXFileReference; lastKnownFileType = sourcecode.cpp.cpp; path = "util/env_posix.cc"; sourceTree = "<group>"; };
		DD0000000000000000000122 /* filter_policy.cc */ = {isa = PBXFileReference; lastKnownFileType = sourcecode.cpp.cpp; path = "util/filter_policy.cc"; sourceTree = "<group>"; };
		DD0000000000000000000123 /* hash.cc */ = {isa = PBXFileReference; lastKnownFileType = sourcecode.cpp.cpp; path = "util/hash.cc"; sourceTree = "<group>"; };
		DD0000000000000000000124 /* logging.cc */ = {isa = PBXFileReference; lastKnownFileType = sourcecode.cpp.cpp; path = "util/logging.cc"; sourceTree = "<group>"; };
		DD0000000000000000000125 /* options.cc */ = {isa = PBXFileReference; lastKnownFileType = sourcecode.cpp.cpp; path = "util/options.cc"; sourceTree = "<group>"; };
		DD0000000000000000000126 /* status.cc */ = {isa = PBXFileReference; lastKnownFileType = sourcecode.cpp.cpp; path = "util/status.cc"; sourceTree = "<group>"; };
		EE0000000000000000000001 /* BalanceSample.swift */ = {isa = PBXFileReference; lastKnownFileType = sourcecode.swift; path = BalanceSample.swift; sourceTree = "<group>"; };
		EE0000000000000000000002 /* BalanceTrendModels.swift */ = {isa = PBXFileReference; lastKnownFileType = sourcecode.swift; path = BalanceTrendModels.swift; sourceTree = "<group>"; };
		EE0000000000000000000003 /* BalanceHistoryStoring.swift */ = {isa = PBXFileReference; lastKnownFileType = sourcecode.swift; path = BalanceHistoryStoring.swift; sourceTree = "<group>"; };
		EE0000000000000000000004 /* LevelDBError.swift */ = {isa = PBXFileReference; lastKnownFileType = sourcecode.swift; path = LevelDBError.swift; sourceTree = "<group>"; };
		EE0000000000000000000005 /* HistoryKeyCodec.swift */ = {isa = PBXFileReference; lastKnownFileType = sourcecode.swift; path = HistoryKeyCodec.swift; sourceTree = "<group>"; };
		EE0000000000000000000006 /* HistoryValueCodec.swift */ = {isa = PBXFileReference; lastKnownFileType = sourcecode.swift; path = HistoryValueCodec.swift; sourceTree = "<group>"; };
		EE0000000000000000000007 /* InMemoryBalanceHistoryStore.swift */ = {isa = PBXFileReference; lastKnownFileType = sourcecode.swift; path = InMemoryBalanceHistoryStore.swift; sourceTree = "<group>"; };
		EE0000000000000000000008 /* LevelDBBalanceHistoryStore.swift */ = {isa = PBXFileReference; lastKnownFileType = sourcecode.swift; path = LevelDBBalanceHistoryStore.swift; sourceTree = "<group>"; };
		EE0000000000000000000009 /* BalanceHistoryService.swift */ = {isa = PBXFileReference; lastKnownFileType = sourcecode.swift; path = BalanceHistoryService.swift; sourceTree = "<group>"; };
		EE000000000000000000000A /* CredentialFingerprint.swift */ = {isa = PBXFileReference; lastKnownFileType = sourcecode.swift; path = CredentialFingerprint.swift; sourceTree = "<group>"; };
		EE000000000000000000000B /* RefreshCoordinator.swift */ = {isa = PBXFileReference; lastKnownFileType = sourcecode.swift; path = RefreshCoordinator.swift; sourceTree = "<group>"; };
		EE000000000000000000000C /* BalanceTrendChartView.swift */ = {isa = PBXFileReference; lastKnownFileType = sourcecode.swift; path = BalanceTrendChartView.swift; sourceTree = "<group>"; };
		EE000000000000000000000D /* BalanceTrendEmptyView.swift */ = {isa = PBXFileReference; lastKnownFileType = sourcecode.swift; path = BalanceTrendEmptyView.swift; sourceTree = "<group>"; };
		EE000000000000000000000E /* LevelDBBridge.h */ = {isa = PBXFileReference; lastKnownFileType = sourcecode.c.h; path = LevelDBBridge.h; sourceTree = "<group>"; };
		EE0000000000000000000040 /* libleveldb.a */ = {isa = PBXFileReference; explicitFileType = archive.ar; includeInIndex = 0; path = libleveldb.a; sourceTree = BUILT_PRODUCTS_DIR; };
		FF0000000000000000000001 /* TimeBucketTests.swift */ = {isa = PBXFileReference; lastKnownFileType = sourcecode.swift; path = TimeBucketTests.swift; sourceTree = "<group>"; };
		FF0000000000000000000002 /* InMemoryHistoryStoreTests.swift */ = {isa = PBXFileReference; lastKnownFileType = sourcecode.swift; path = InMemoryHistoryStoreTests.swift; sourceTree = "<group>"; };
		FF0000000000000000000003 /* LevelDBBalanceHistoryStoreTests.swift */ = {isa = PBXFileReference; lastKnownFileType = sourcecode.swift; path = LevelDBBalanceHistoryStoreTests.swift; sourceTree = "<group>"; };
		FF0000000000000000000004 /* BalanceHistoryServiceTests.swift */ = {isa = PBXFileReference; lastKnownFileType = sourcecode.swift; path = BalanceHistoryServiceTests.swift; sourceTree = "<group>"; };
		FF0000000000000000000005 /* BalanceTrendTests.swift */ = {isa = PBXFileReference; lastKnownFileType = sourcecode.swift; path = BalanceTrendTests.swift; sourceTree = "<group>"; };
		FF0000000000000000000006 /* StoreStateCoordinationTests.swift */ = {isa = PBXFileReference; lastKnownFileType = sourcecode.swift; path = StoreStateCoordinationTests.swift; sourceTree = "<group>"; };
/* End PBXFileReference section */

/* Begin PBXFrameworksBuildPhase section */
		AA0000000000000000002002 /* Frameworks */ = {
			isa = PBXFrameworksBuildPhase;
			buildActionMask = 2147483647;
			files = (
				AA000000000000000000010A /* Security.framework in Frameworks */,
				EE000000000000000000010E /* libleveldb.a in Frameworks */,
			);
			runOnlyForDeploymentPostprocessing = 0;
		};
		AA0000000000000000002005 /* Frameworks */ = {
			isa = PBXFrameworksBuildPhase;
			buildActionMask = 2147483647;
			files = (
			);
			runOnlyForDeploymentPostprocessing = 0;
		};
		DD0000000000000000000022 /* Frameworks */ = {
			isa = PBXFrameworksBuildPhase;
			buildActionMask = 2147483647;
			files = (
			);
			runOnlyForDeploymentPostprocessing = 0;
		};
/* End PBXFrameworksBuildPhase section */

/* Begin PBXGroup section */
		AA0000000000000000001000 = {
			isa = PBXGroup;
			children = (
				AA0000000000000000001001 /* DeepSeekBalance */,
				AA0000000000000000001007 /* DeepSeekBalanceTests */,
				AA0000000000000000001008 /* Products */,
				EE0000000000000000000012 /* Vendor */,
			);
			sourceTree = "<group>";
		};
		AA0000000000000000001001 /* DeepSeekBalance */ = {
			isa = PBXGroup;
			children = (
				BB0000000000000000000001 /* DeepSeekBalanceApp.swift */,
				EE0000000000000000000010 /* Persistence */,
				AA0000000000000000001009 /* Localization */,
				AA000000000000000000100A /* ServiceStatus */,
				AA0000000000000000001002 /* AppState */,
				AA0000000000000000001003 /* Models */,
				AA0000000000000000001004 /* Networking */,
				AA0000000000000000001005 /* Security */,
				AA0000000000000000001006 /* Views */,
				EE000000000000000000000E /* LevelDBBridge.h */,
				BB0000000000000000000009 /* Assets.xcassets */,
				AA000000000000000000100B /* Resources */,
				BB000000000000000000000A /* Info.plist */,
				BB000000000000000000000B /* DeepSeekBalance.entitlements */,
			);
			path = DeepSeekBalance;
			sourceTree = "<group>";
		};
		AA0000000000000000001002 /* AppState */ = {
			isa = PBXGroup;
			children = (
				BB0000000000000000000002 /* BalanceStore.swift */,
				BB0000000000000000000204 /* CodexUsageStore.swift */,
				BB0000000000000000000210 /* CursorUsageStore.swift */,
				BB0000000000000000000219 /* OpenCodeUsageStore.swift */,
				EE000000000000000000000B /* RefreshCoordinator.swift */,
				BB0000000000000000000104 /* NotificationObservation.swift */,
				BB0000000000000000000105 /* LoginItemManager.swift */,
				BB000000000000000000010B /* StatusItemController.swift */,
				BB000000000000000000020B /* SettingsWindow.swift */,
			);
			path = AppState;
			sourceTree = "<group>";
		};
		AA0000000000000000001003 /* Models */ = {
			isa = PBXGroup;
			children = (
				BB0000000000000000000003 /* BalanceModels.swift */,
				BB0000000000000000000201 /* CodexUsageModels.swift */,
				BB000000000000000000020D /* CursorUsageModels.swift */,
				BB0000000000000000000217 /* OpenCodeUsageModels.swift */,
				BB0000000000000000000206 /* CodexUsageSample.swift */,
				BB0000000000000000000212 /* CursorUsageSample.swift */,
				EE0000000000000000000001 /* BalanceSample.swift */,
				EE0000000000000000000002 /* BalanceTrendModels.swift */,
			);
			path = Models;
			sourceTree = "<group>";
		};
		AA0000000000000000001004 /* Networking */ = {
			isa = PBXGroup;
			children = (
				BB0000000000000000000004 /* DeepSeekAPIClient.swift */,
				BB0000000000000000000005 /* APIKeyProvider.swift */,
				BB0000000000000000000202 /* CodexUsageClient.swift */,
				BB000000000000000000020E /* CursorUsageClient.swift */,
				BB0000000000000000000218 /* OpenCodeUsageClient.swift */,
				BB0000000000000000000203 /* CodexAuthProvider.swift */,
				BB000000000000000000020F /* CursorAuthProvider.swift */,
			);
			path = Networking;
			sourceTree = "<group>";
		};
		AA0000000000000000001005 /* Security */ = {
			isa = PBXGroup;
			children = (
				BB0000000000000000000006 /* KeychainStore.swift */,
				EE000000000000000000000A /* CredentialFingerprint.swift */,
			);
			path = Security;
			sourceTree = "<group>";
		};
		AA0000000000000000001006 /* Views */ = {
			isa = PBXGroup;
			children = (
				BB0000000000000000000008 /* BalancePopoverView.swift */,
				BB0000000000000000000205 /* CodexUsageView.swift */,
				BB0000000000000000000211 /* CursorUsageView.swift */,
				BB000000000000000000021A /* OpenCodeUsageView.swift */,
				BB000000000000000000020A /* CodexTrendChartView.swift */,
				BB0000000000000000000216 /* CursorTrendChartView.swift */,
				BB000000000000000000021B /* OpenCodeTrendChartView.swift */,
				BB000000000000000000020C /* SettingsView.swift */,
				EE000000000000000000000C /* BalanceTrendChartView.swift */,
				EE000000000000000000000D /* BalanceTrendEmptyView.swift */,
			);
			path = Views;
			sourceTree = "<group>";
		};
		AA0000000000000000001007 /* DeepSeekBalanceTests */ = {
			isa = PBXGroup;
			children = (
				CC0000000000000000000001 /* DeepSeekBalanceTests.swift */,
				CC0000000000000000000002 /* MockURLProtocol.swift */,
				CC0000000000000000000003 /* Fakes.swift */,
				CC0000000000000000000004 /* BalanceClientTests.swift */,
				CC0000000000000000000005 /* BalanceStoreTests.swift */,
				FF0000000000000000000001 /* TimeBucketTests.swift */,
				FF0000000000000000000002 /* InMemoryHistoryStoreTests.swift */,
				FF0000000000000000000003 /* LevelDBBalanceHistoryStoreTests.swift */,
				FF0000000000000000000004 /* BalanceHistoryServiceTests.swift */,
				FF0000000000000000000005 /* BalanceTrendTests.swift */,
				FF0000000000000000000006 /* StoreStateCoordinationTests.swift */,
				CC0000000000000000000101 /* AppLanguageTests.swift */,
				CC0000000000000000000102 /* L10nTests.swift */,
				CC0000000000000000000103 /* ServiceStatusTests.swift */,
				CC0000000000000000000104 /* LoginItemTests.swift */,
				CC0000000000000000000105 /* LevelDBFailureTests.swift */,
				CC0000000000000000000106 /* TrendChartModelTests.swift */,
				CC0000000000000000000107 /* BuildScriptTests.swift */,
				CC0000000000000000000108 /* CodexUsageTests.swift */,
				CC000000000000000000010D /* CursorUsageTests.swift */,
				CC0000000000000000000109 /* MenuBarVendorVisibilityTests.swift */,
				CC000000000000000000010A /* InMemoryCodexHistoryStore.swift */,
				CC000000000000000000010C /* InMemoryCursorHistoryStore.swift */,
				CC000000000000000000010B /* CodexHistoryTests.swift */,
				CC000000000000000000010E /* CursorHistoryTests.swift */,
				CC000000000000000000010F /* OpenCodeUsageTests.swift */,
			);
			path = DeepSeekBalanceTests;
			sourceTree = "<group>";
		};
		AA0000000000000000001008 /* Products */ = {
			isa = PBXGroup;
			children = (
				AA0000000000000000000001 /* DeepSeekBalance.app */,
				AA0000000000000000000002 /* DeepSeekBalanceTests.xctest */,
				EE0000000000000000000040 /* libleveldb.a */,
			);
			name = Products;
			sourceTree = "<group>";
		};
		EE0000000000000000000010 /* Persistence */ = {
			isa = PBXGroup;
			children = (
				EE0000000000000000000003 /* BalanceHistoryStoring.swift */,
				EE0000000000000000000004 /* LevelDBError.swift */,
				EE0000000000000000000005 /* HistoryKeyCodec.swift */,
				EE0000000000000000000006 /* HistoryValueCodec.swift */,
				EE0000000000000000000007 /* InMemoryBalanceHistoryStore.swift */,
				EE0000000000000000000008 /* LevelDBBalanceHistoryStore.swift */,
				EE0000000000000000000009 /* BalanceHistoryService.swift */,
				BB0000000000000000000207 /* CodexHistory.swift */,
				BB0000000000000000000213 /* CursorHistory.swift */,
				BB0000000000000000000208 /* LevelDBCodexHistoryStore.swift */,
				BB0000000000000000000214 /* LevelDBCursorHistoryStore.swift */,
				BB0000000000000000000209 /* CodexHistoryService.swift */,
				BB0000000000000000000215 /* CursorHistoryService.swift */,
				BB000000000000000000021C /* OpenCodeHistory.swift */,
			);
			path = Persistence;
			sourceTree = "<group>";
		};
		AA0000000000000000001009 /* Localization */ = {
			isa = PBXGroup;
			children = (
				BB0000000000000000000101 /* AppLanguage.swift */,
				BB000000000000000000010D /* AppAppearance.swift */,
				BB0000000000000000000102 /* L10n.swift */,
				BB0000000000000000000103 /* AppDisplayError.swift */,
			);
			path = Localization;
			sourceTree = "<group>";
		};
		AA000000000000000000100A /* ServiceStatus */ = {
			isa = PBXGroup;
			children = (
				BB0000000000000000000106 /* DeepSeekStatusModels.swift */,
				BB0000000000000000000107 /* DeepSeekStatusClient.swift */,
				BB0000000000000000000108 /* DeepSeekStatusMapper.swift */,
				BB0000000000000000000109 /* DeepSeekStatusStore.swift */,
				BB000000000000000000010A /* DeepSeekServiceStatusView.swift */,
				BB0000000000000000000110 /* ServiceStatusStoring.swift */,
				BB0000000000000000000111 /* StatusPageClient.swift */,
				BB0000000000000000000112 /* StatusPageModels.swift */,
				BB0000000000000000000113 /* StatusPageMapper.swift */,
				BB0000000000000000000114 /* StatusPageStatusStore.swift */,
			);
			path = ServiceStatus;
			sourceTree = "<group>";
		};
		AA000000000000000000100B /* Resources */ = {
			isa = PBXGroup;
			children = (
				BB000000000000000000010C /* Localizable.xcstrings */,
			);
			path = Resources;
			sourceTree = "<group>";
		};
		EE0000000000000000000011 /* LevelDB */ = {
			isa = PBXGroup;
			children = (
				DD0000000000000000000101 /* builder.cc */,
				DD0000000000000000000102 /* c.cc */,
				DD0000000000000000000103 /* db_impl.cc */,
				DD0000000000000000000104 /* db_iter.cc */,
				DD0000000000000000000105 /* dbformat.cc */,
				DD0000000000000000000106 /* dumpfile.cc */,
				DD0000000000000000000107 /* filename.cc */,
				DD0000000000000000000108 /* log_reader.cc */,
				DD0000000000000000000109 /* log_writer.cc */,
				DD000000000000000000010A /* memtable.cc */,
				DD000000000000000000010B /* repair.cc */,
				DD000000000000000000010C /* table_cache.cc */,
				DD000000000000000000010D /* version_edit.cc */,
				DD000000000000000000010E /* version_set.cc */,
				DD000000000000000000010F /* write_batch.cc */,
				DD0000000000000000000110 /* memenv.cc */,
				DD0000000000000000000111 /* block.cc */,
				DD0000000000000000000112 /* block_builder.cc */,
				DD0000000000000000000113 /* filter_block.cc */,
				DD0000000000000000000114 /* format.cc */,
				DD0000000000000000000115 /* iterator.cc */,
				DD0000000000000000000116 /* merger.cc */,
				DD0000000000000000000117 /* table.cc */,
				DD0000000000000000000118 /* table_builder.cc */,
				DD0000000000000000000119 /* two_level_iterator.cc */,
				DD000000000000000000011A /* arena.cc */,
				DD000000000000000000011B /* bloom.cc */,
				DD000000000000000000011C /* cache.cc */,
				DD000000000000000000011D /* coding.cc */,
				DD000000000000000000011E /* comparator.cc */,
				DD000000000000000000011F /* crc32c.cc */,
				DD0000000000000000000120 /* env.cc */,
				DD0000000000000000000121 /* env_posix.cc */,
				DD0000000000000000000122 /* filter_policy.cc */,
				DD0000000000000000000123 /* hash.cc */,
				DD0000000000000000000124 /* logging.cc */,
				DD0000000000000000000125 /* options.cc */,
				DD0000000000000000000126 /* status.cc */,
			);
			path = LevelDB;
			sourceTree = "<group>";
		};
		EE0000000000000000000012 /* Vendor */ = {
			isa = PBXGroup;
			children = (
				EE0000000000000000000011 /* LevelDB */,
			);
			path = Vendor;
			sourceTree = "<group>";
		};
/* End PBXGroup section */

/* Begin PBXNativeTarget section */
		AA0000000000000000003001 /* DeepSeekBalance */ = {
			isa = PBXNativeTarget;
			buildConfigurationList = AA0000000000000000006002 /* Build configuration list for PBXNativeTarget "DeepSeekBalance" */;
			buildPhases = (
				AA0000000000000000002001 /* Sources */,
				AA0000000000000000002002 /* Frameworks */,
				AA0000000000000000002003 /* Resources */,
			);
			buildRules = (
			);
			dependencies = (
				EE0000000000000000000051 /* PBXTargetDependency */,
			);
			name = DeepSeekBalance;
			productName = DeepSeekBalance;
			productReference = AA0000000000000000000001 /* DeepSeekBalance.app */;
			productType = "com.apple.product-type.application";
		};
		AA0000000000000000003002 /* DeepSeekBalanceTests */ = {
			isa = PBXNativeTarget;
			buildConfigurationList = AA0000000000000000006003 /* Build configuration list for PBXNativeTarget "DeepSeekBalanceTests" */;
			buildPhases = (
				AA0000000000000000002004 /* Sources */,
				AA0000000000000000002005 /* Frameworks */,
				AA0000000000000000002006 /* Resources */,
			);
			buildRules = (
			);
			dependencies = (
				AA0000000000000000007002 /* PBXTargetDependency */,
			);
			name = DeepSeekBalanceTests;
			productName = DeepSeekBalanceTests;
			productReference = AA0000000000000000000002 /* DeepSeekBalanceTests.xctest */;
			productType = "com.apple.product-type.bundle.unit-test";
		};
		DD0000000000000000000020 /* LevelDB */ = {
			isa = PBXNativeTarget;
			buildConfigurationList = DD0000000000000000000033 /* Build configuration list for PBXNativeTarget "LevelDB" */;
			buildPhases = (
				DD0000000000000000000021 /* Sources */,
				DD0000000000000000000022 /* Frameworks */,
				DD0000000000000000000023 /* Resources */,
			);
			buildRules = (
			);
			dependencies = (
			);
			name = LevelDB;
			productName = leveldb;
			productReference = EE0000000000000000000040 /* libleveldb.a */;
			productType = "com.apple.product-type.library.static";
		};
/* End PBXNativeTarget section */

/* Begin PBXProject section */
		AA0000000000000000004000 /* Project object */ = {
			isa = PBXProject;
			attributes = {
				BuildIndependentTargetsInParallel = 1;
				LastSwiftUpdateCheck = 1500;
				LastUpgradeCheck = 1500;
				TargetAttributes = {
					AA0000000000000000003001 = {
						CreatedOnToolsVersion = 15.0;
					};
					AA0000000000000000003002 = {
						CreatedOnToolsVersion = 15.0;
						TestTargetID = AA0000000000000000003001;
					};
					DD0000000000000000000020 = {
						CreatedOnToolsVersion = 15.0;
					};
				};
			};
			buildConfigurationList = AA0000000000000000006001 /* Build configuration list for PBXProject "DeepSeekBalance" */;
			compatibilityVersion = "Xcode 14.0";
			developmentRegion = en;
			hasScannedForEncodings = 0;
			knownRegions = (
				en,
				Base,
				zh-Hans,
			);
			mainGroup = AA0000000000000000001000;
			productRefGroup = AA0000000000000000001008 /* Products */;
			projectDirPath = "";
			projectRoot = "";
			targets = (
				AA0000000000000000003001 /* DeepSeekBalance */,
				AA0000000000000000003002 /* DeepSeekBalanceTests */,
				DD0000000000000000000020 /* LevelDB */,
			);
		};
/* End PBXProject section */

/* Begin PBXResourcesBuildPhase section */
		AA0000000000000000002003 /* Resources */ = {
			isa = PBXResourcesBuildPhase;
			buildActionMask = 2147483647;
			files = (
				AA0000000000000000000109 /* Assets.xcassets in Resources */,
				AA000000000000000000010B /* Localizable.xcstrings in Resources */,
			);
			runOnlyForDeploymentPostprocessing = 0;
		};
		AA0000000000000000002006 /* Resources */ = {
			isa = PBXResourcesBuildPhase;
			buildActionMask = 2147483647;
			files = (
			);
			runOnlyForDeploymentPostprocessing = 0;
		};
		DD0000000000000000000023 /* Resources */ = {
			isa = PBXResourcesBuildPhase;
			buildActionMask = 2147483647;
			files = (
			);
			runOnlyForDeploymentPostprocessing = 0;
		};
/* End PBXResourcesBuildPhase section */

/* Begin PBXSourcesBuildPhase section */
		AA0000000000000000002001 /* Sources */ = {
			isa = PBXSourcesBuildPhase;
			buildActionMask = 2147483647;
			files = (
				AA0000000000000000000101 /* DeepSeekBalanceApp.swift in Sources */,
				AA0000000000000000000102 /* BalanceStore.swift in Sources */,
				AA0000000000000000000103 /* BalanceModels.swift in Sources */,
				AA0000000000000000000104 /* DeepSeekAPIClient.swift in Sources */,
				AA0000000000000000000105 /* APIKeyProvider.swift in Sources */,
				AA0000000000000000000106 /* KeychainStore.swift in Sources */,
				AA0000000000000000000108 /* BalancePopoverView.swift in Sources */,
				EE0000000000000000000101 /* BalanceSample.swift in Sources */,
				EE0000000000000000000102 /* BalanceTrendModels.swift in Sources */,
				EE0000000000000000000103 /* BalanceHistoryStoring.swift in Sources */,
				EE0000000000000000000104 /* LevelDBError.swift in Sources */,
				EE0000000000000000000105 /* HistoryKeyCodec.swift in Sources */,
				EE0000000000000000000106 /* HistoryValueCodec.swift in Sources */,
				EE0000000000000000000107 /* InMemoryBalanceHistoryStore.swift in Sources */,
				EE0000000000000000000108 /* LevelDBBalanceHistoryStore.swift in Sources */,
				EE0000000000000000000109 /* BalanceHistoryService.swift in Sources */,
				EE000000000000000000010A /* CredentialFingerprint.swift in Sources */,
				EE000000000000000000010B /* RefreshCoordinator.swift in Sources */,
				EE000000000000000000010C /* BalanceTrendChartView.swift in Sources */,
				EE000000000000000000010D /* BalanceTrendEmptyView.swift in Sources */,
				AA0000000000000000000301 /* AppLanguage.swift in Sources */,
				AA000000000000000000030C /* AppAppearance.swift in Sources */,
				AA0000000000000000000302 /* L10n.swift in Sources */,
				AA0000000000000000000303 /* AppDisplayError.swift in Sources */,
				AA0000000000000000000304 /* NotificationObservation.swift in Sources */,
				AA0000000000000000000305 /* LoginItemManager.swift in Sources */,
				AA0000000000000000000306 /* DeepSeekStatusModels.swift in Sources */,
				AA0000000000000000000307 /* DeepSeekStatusClient.swift in Sources */,
				AA0000000000000000000308 /* DeepSeekStatusMapper.swift in Sources */,
				AA0000000000000000000309 /* DeepSeekStatusStore.swift in Sources */,
				AA000000000000000000030A /* DeepSeekServiceStatusView.swift in Sources */,
				AA00000000000000000003D1 /* ServiceStatusStoring.swift in Sources */,
				AA00000000000000000003D2 /* StatusPageClient.swift in Sources */,
				AA00000000000000000003D3 /* StatusPageModels.swift in Sources */,
				AA00000000000000000003D4 /* StatusPageMapper.swift in Sources */,
				AA00000000000000000003D5 /* StatusPageStatusStore.swift in Sources */,
				AA000000000000000000030B /* StatusItemController.swift in Sources */,
				AA0000000000000000000401 /* CodexUsageModels.swift in Sources */,
				AA0000000000000000000402 /* CodexUsageClient.swift in Sources */,
				AA0000000000000000000403 /* CodexAuthProvider.swift in Sources */,
				AA0000000000000000000404 /* CodexUsageStore.swift in Sources */,
				AA0000000000000000000405 /* CodexUsageView.swift in Sources */,
				AA0000000000000000000406 /* CodexUsageSample.swift in Sources */,
				AA0000000000000000000407 /* CodexHistory.swift in Sources */,
				AA0000000000000000000408 /* LevelDBCodexHistoryStore.swift in Sources */,
				AA0000000000000000000409 /* CodexHistoryService.swift in Sources */,
				AA000000000000000000040A /* CodexTrendChartView.swift in Sources */,
				AA000000000000000000040D /* CursorUsageModels.swift in Sources */,
				AA000000000000000000040E /* CursorUsageClient.swift in Sources */,
				AA000000000000000000040F /* CursorAuthProvider.swift in Sources */,
				AA0000000000000000000410 /* CursorUsageStore.swift in Sources */,
				AA0000000000000000000411 /* CursorUsageView.swift in Sources */,
				AA0000000000000000000412 /* CursorUsageSample.swift in Sources */,
				AA0000000000000000000413 /* CursorHistory.swift in Sources */,
				AA0000000000000000000414 /* LevelDBCursorHistoryStore.swift in Sources */,
				AA0000000000000000000415 /* CursorHistoryService.swift in Sources */,
				AA0000000000000000000416 /* CursorTrendChartView.swift in Sources */,
				AA0000000000000000000417 /* OpenCodeUsageModels.swift in Sources */,
				AA0000000000000000000418 /* OpenCodeUsageClient.swift in Sources */,
				AA0000000000000000000419 /* OpenCodeUsageStore.swift in Sources */,
				AA000000000000000000041A /* OpenCodeUsageView.swift in Sources */,
				AA000000000000000000041B /* OpenCodeTrendChartView.swift in Sources */,
				AA000000000000000000041C /* OpenCodeHistory.swift in Sources */,
				AA000000000000000000040B /* SettingsWindow.swift in Sources */,
				AA000000000000000000040C /* SettingsView.swift in Sources */,
			);
			runOnlyForDeploymentPostprocessing = 0;
		};
		AA0000000000000000002004 /* Sources */ = {
			isa = PBXSourcesBuildPhase;
			buildActionMask = 2147483647;
			files = (
				AA0000000000000000000201 /* DeepSeekBalanceTests.swift in Sources */,
				AA0000000000000000000202 /* MockURLProtocol.swift in Sources */,
				AA0000000000000000000203 /* Fakes.swift in Sources */,
				AA0000000000000000000204 /* BalanceClientTests.swift in Sources */,
				AA0000000000000000000205 /* BalanceStoreTests.swift in Sources */,
				AA0000000000000000000206 /* AppLanguageTests.swift in Sources */,
				AA0000000000000000000207 /* L10nTests.swift in Sources */,
				AA0000000000000000000208 /* ServiceStatusTests.swift in Sources */,
				AA0000000000000000000209 /* LoginItemTests.swift in Sources */,
				AA000000000000000000020A /* LevelDBFailureTests.swift in Sources */,
				AA000000000000000000020B /* TrendChartModelTests.swift in Sources */,
				AA000000000000000000020C /* BuildScriptTests.swift in Sources */,
				AA000000000000000000020D /* CodexUsageTests.swift in Sources */,
				AA000000000000000000020E /* MenuBarVendorVisibilityTests.swift in Sources */,
				AA000000000000000000020F /* InMemoryCodexHistoryStore.swift in Sources */,
				AA0000000000000000000210 /* CodexHistoryTests.swift in Sources */,
				AA0000000000000000000211 /* InMemoryCursorHistoryStore.swift in Sources */,
				AA0000000000000000000212 /* CursorUsageTests.swift in Sources */,
				AA0000000000000000000213 /* CursorHistoryTests.swift in Sources */,
				AA0000000000000000000214 /* OpenCodeUsageTests.swift in Sources */,
				FF0000000000000000000101 /* TimeBucketTests.swift in Sources */,
				FF0000000000000000000102 /* InMemoryHistoryStoreTests.swift in Sources */,
				FF0000000000000000000103 /* LevelDBBalanceHistoryStoreTests.swift in Sources */,
				FF0000000000000000000104 /* BalanceHistoryServiceTests.swift in Sources */,
				FF0000000000000000000105 /* BalanceTrendTests.swift in Sources */,
				FF0000000000000000000106 /* StoreStateCoordinationTests.swift in Sources */,
			);
			runOnlyForDeploymentPostprocessing = 0;
		};
		DD0000000000000000000021 /* Sources */ = {
			isa = PBXSourcesBuildPhase;
			buildActionMask = 2147483647;
			files = (
				DD00000000000000001001 /* builder.cc in Sources */,
				DD00000000000000001002 /* c.cc in Sources */,
				DD00000000000000001003 /* db_impl.cc in Sources */,
				DD00000000000000001004 /* db_iter.cc in Sources */,
				DD00000000000000001005 /* dbformat.cc in Sources */,
				DD00000000000000001006 /* dumpfile.cc in Sources */,
				DD00000000000000001007 /* filename.cc in Sources */,
				DD00000000000000001008 /* log_reader.cc in Sources */,
				DD00000000000000001009 /* log_writer.cc in Sources */,
				DD0000000000000000100A /* memtable.cc in Sources */,
				DD0000000000000000100B /* repair.cc in Sources */,
				DD0000000000000000100C /* table_cache.cc in Sources */,
				DD0000000000000000100D /* version_edit.cc in Sources */,
				DD0000000000000000100E /* version_set.cc in Sources */,
				DD0000000000000000100F /* write_batch.cc in Sources */,
				DD00000000000000001010 /* memenv.cc in Sources */,
				DD00000000000000001011 /* block.cc in Sources */,
				DD00000000000000001012 /* block_builder.cc in Sources */,
				DD00000000000000001013 /* filter_block.cc in Sources */,
				DD00000000000000001014 /* format.cc in Sources */,
				DD00000000000000001015 /* iterator.cc in Sources */,
				DD00000000000000001016 /* merger.cc in Sources */,
				DD00000000000000001017 /* table.cc in Sources */,
				DD00000000000000001018 /* table_builder.cc in Sources */,
				DD00000000000000001019 /* two_level_iterator.cc in Sources */,
				DD0000000000000000101A /* arena.cc in Sources */,
				DD0000000000000000101B /* bloom.cc in Sources */,
				DD0000000000000000101C /* cache.cc in Sources */,
				DD0000000000000000101D /* coding.cc in Sources */,
				DD0000000000000000101E /* comparator.cc in Sources */,
				DD0000000000000000101F /* crc32c.cc in Sources */,
				DD00000000000000001020 /* env.cc in Sources */,
				DD00000000000000001021 /* env_posix.cc in Sources */,
				DD00000000000000001022 /* filter_policy.cc in Sources */,
				DD00000000000000001023 /* hash.cc in Sources */,
				DD00000000000000001024 /* logging.cc in Sources */,
				DD00000000000000001025 /* options.cc in Sources */,
				DD00000000000000001026 /* status.cc in Sources */,
			);
			runOnlyForDeploymentPostprocessing = 0;
		};
/* End PBXSourcesBuildPhase section */

/* Begin PBXTargetDependency section */
		AA0000000000000000007002 /* PBXTargetDependency */ = {
			isa = PBXTargetDependency;
			target = AA0000000000000000003001 /* DeepSeekBalance */;
			targetProxy = AA0000000000000000007001 /* PBXContainerItemProxy */;
		};
		EE0000000000000000000051 /* PBXTargetDependency */ = {
			isa = PBXTargetDependency;
			target = DD0000000000000000000020 /* LevelDB */;
			targetProxy = EE0000000000000000000050 /* PBXContainerItemProxy */;
		};
/* End PBXTargetDependency section */

/* Begin XCBuildConfiguration section */
		AA0000000000000000005001 /* Debug */ = {
			isa = XCBuildConfiguration;
			buildSettings = {
				ALWAYS_SEARCH_USER_PATHS = NO;
				CLANG_ANALYZER_NONNULL = YES;
				CLANG_ANALYZER_NUMBER_OBJECT_CONVERSION = YES_AGGRESSIVE;
				CLANG_CXX_LANGUAGE_STANDARD = "gnu++20";
				CLANG_ENABLE_MODULES = YES;
				CLANG_ENABLE_OBJC_ARC = YES;
				CLANG_ENABLE_OBJC_WEAK = YES;
				CLANG_WARN_BLOCK_CAPTURE_AUTORELEASING = YES;
				CLANG_WARN_BOOL_CONVERSION = YES;
				CLANG_WARN_COMMA = YES;
				CLANG_WARN_CONSTANT_CONVERSION = YES;
				CLANG_WARN_DEPRECATED_OBJC_IMPLEMENTATIONS = YES;
				CLANG_WARN_DIRECT_OBJC_ISA_USAGE = YES_ERROR;
				CLANG_WARN_DOCUMENTATION_COMMENTS = YES;
				CLANG_WARN_EMPTY_BODY = YES;
				CLANG_WARN_ENUM_CONVERSION = YES;
				CLANG_WARN_INFINITE_RECURSION = YES;
				CLANG_WARN_INT_CONVERSION = YES;
				CLANG_WARN_NON_LITERAL_NULL_CONVERSION = YES;
				CLANG_WARN_OBJC_IMPLICIT_RETAIN_SELF = YES;
				CLANG_WARN_OBJC_LITERAL_CONVERSION = YES;
				CLANG_WARN_OBJC_ROOT_CLASS = YES_ERROR;
				CLANG_WARN_QUOTED_INCLUDE_IN_FRAMEWORK_HEADER = YES;
				CLANG_WARN_RANGE_LOOP_ANALYSIS = YES;
				CLANG_WARN_STRICT_PROTOTYPES = YES;
				CLANG_WARN_SUSPICIOUS_MOVE = YES;
				CLANG_WARN_UNGUARDED_AVAILABILITY = YES_AGGRESSIVE;
				CLANG_WARN_UNREACHABLE_CODE = YES;
				CLANG_WARN__DUPLICATE_METHOD_MATCH = YES;
				COPY_PHASE_STRIP = NO;
				DEBUG_INFORMATION_FORMAT = dwarf;
				ENABLE_CODE_COVERAGE = NO;
				ENABLE_STRICT_OBJC_MSGSEND = YES;
				ENABLE_TESTABILITY = YES;
				GCC_C_LANGUAGE_STANDARD = gnu17;
				GCC_DYNAMIC_NO_PIC = NO;
				GCC_NO_COMMON_BLOCKS = YES;
				GCC_OPTIMIZATION_LEVEL = 0;
				GCC_PREPROCESSOR_DEFINITIONS = (
					"DEBUG=1",
					"$(inherited)",
				);
				GCC_WARN_64_TO_32_BIT_CONVERSION = YES;
				GCC_WARN_ABOUT_RETURN_TYPE = YES_ERROR;
				GCC_WARN_UNDECLARED_SELECTOR = YES;
				GCC_WARN_UNINITIALIZED_AUTOS = YES_AGGRESSIVE;
				GCC_WARN_UNUSED_FUNCTION = YES;
				GCC_WARN_UNUSED_VARIABLE = YES;
				MACOSX_DEPLOYMENT_TARGET = 13.0;
				MTL_ENABLE_DEBUG_INFO = INCLUDE_SOURCE;
				MTL_FAST_MATH = YES;
				ONLY_ACTIVE_ARCH = YES;
				SDKROOT = macosx;
				SWIFT_ACTIVE_COMPILATION_CONDITIONS = DEBUG;
				SWIFT_OPTIMIZATION_LEVEL = "-Onone";
				SWIFT_VERSION = 5.0;
			};
			name = Debug;
		};
		AA0000000000000000005002 /* Release */ = {
			isa = XCBuildConfiguration;
			buildSettings = {
				ALWAYS_SEARCH_USER_PATHS = NO;
				CLANG_ANALYZER_NONNULL = YES;
				CLANG_ANALYZER_NUMBER_OBJECT_CONVERSION = YES_AGGRESSIVE;
				CLANG_CXX_LANGUAGE_STANDARD = "gnu++20";
				CLANG_ENABLE_MODULES = YES;
				CLANG_ENABLE_OBJC_ARC = YES;
				CLANG_ENABLE_OBJC_WEAK = YES;
				CLANG_WARN_BLOCK_CAPTURE_AUTORELEASING = YES;
				CLANG_WARN_BOOL_CONVERSION = YES;
				CLANG_WARN_COMMA = YES;
				CLANG_WARN_CONSTANT_CONVERSION = YES;
				CLANG_WARN_DEPRECATED_OBJC_IMPLEMENTATIONS = YES;
				CLANG_WARN_DIRECT_OBJC_ISA_USAGE = YES_ERROR;
				CLANG_WARN_DOCUMENTATION_COMMENTS = YES;
				CLANG_WARN_EMPTY_BODY = YES;
				CLANG_WARN_ENUM_CONVERSION = YES;
				CLANG_WARN_INFINITE_RECURSION = YES;
				CLANG_WARN_INT_CONVERSION = YES;
				CLANG_WARN_NON_LITERAL_NULL_CONVERSION = YES;
				CLANG_WARN_OBJC_IMPLICIT_RETAIN_SELF = YES;
				CLANG_WARN_OBJC_LITERAL_CONVERSION = YES;
				CLANG_WARN_OBJC_ROOT_CLASS = YES_ERROR;
				CLANG_WARN_QUOTED_INCLUDE_IN_FRAMEWORK_HEADER = YES;
				CLANG_WARN_RANGE_LOOP_ANALYSIS = YES;
				CLANG_WARN_STRICT_PROTOTYPES = YES;
				CLANG_WARN_SUSPICIOUS_MOVE = YES;
				CLANG_WARN_UNGUARDED_AVAILABILITY = YES_AGGRESSIVE;
				CLANG_WARN_UNREACHABLE_CODE = YES;
				CLANG_WARN__DUPLICATE_METHOD_MATCH = YES;
				COPY_PHASE_STRIP = NO;
				DEBUG_INFORMATION_FORMAT = "dwarf-with-dsym";
				ENABLE_CODE_COVERAGE = NO;
				ENABLE_NS_ASSERTIONS = NO;
				ENABLE_STRICT_OBJC_MSGSEND = YES;
				GCC_C_LANGUAGE_STANDARD = gnu17;
				GCC_NO_COMMON_BLOCKS = YES;
				GCC_WARN_64_TO_32_BIT_CONVERSION = YES;
				GCC_WARN_ABOUT_RETURN_TYPE = YES_ERROR;
				GCC_WARN_UNDECLARED_SELECTOR = YES;
				GCC_WARN_UNINITIALIZED_AUTOS = YES_AGGRESSIVE;
				GCC_WARN_UNUSED_FUNCTION = YES;
				GCC_WARN_UNUSED_VARIABLE = YES;
				MACOSX_DEPLOYMENT_TARGET = 13.0;
				MTL_ENABLE_DEBUG_INFO = NO;
				MTL_FAST_MATH = YES;
				SDKROOT = macosx;
				SWIFT_COMPILATION_MODE = wholemodule;
				SWIFT_OPTIMIZATION_LEVEL = "-O";
				SWIFT_VERSION = 5.0;
			};
			name = Release;
		};
		AA0000000000000000005003 /* Debug */ = {
			isa = XCBuildConfiguration;
			buildSettings = {
				ASSETCATALOG_COMPILER_APPICON_NAME = AppIcon;
				CODE_SIGN_ENTITLEMENTS = DeepSeekBalance/DeepSeekBalance.entitlements;
				CODE_SIGN_STYLE = Automatic;
				COMBINE_HIDPI_IMAGES = YES;
				CURRENT_PROJECT_VERSION = 1;
				ENABLE_HARDENED_RUNTIME = YES;
				GENERATE_INFOPLIST_FILE = NO;
				HEADER_SEARCH_PATHS = (
					"$(inherited)",
					"$(SRCROOT)/Vendor/LevelDB/include",
				);
				INFOPLIST_FILE = DeepSeekBalance/Info.plist;
				LD_RUNPATH_SEARCH_PATHS = (
					"$(inherited)",
					"@executable_path/../Frameworks",
				);
				MARKETING_VERSION = 2.1.11;
				OTHER_LDFLAGS = (
					"$(inherited)",
					"-lc++",
				);
				PRODUCT_BUNDLE_IDENTIFIER = com.jxz.deepseekbalance;
				PRODUCT_NAME = "$(TARGET_NAME)";
				SWIFT_OBJC_BRIDGING_HEADER = DeepSeekBalance/LevelDBBridge.h;
				SWIFT_EMIT_LOC_STRINGS = YES;
				SWIFT_VERSION = 5.0;
			};
			name = Debug;
		};
		AA0000000000000000005004 /* Release */ = {
			isa = XCBuildConfiguration;
			buildSettings = {
				ASSETCATALOG_COMPILER_APPICON_NAME = AppIcon;
				CODE_SIGN_ENTITLEMENTS = DeepSeekBalance/DeepSeekBalance.entitlements;
				CODE_SIGN_STYLE = Automatic;
				COMBINE_HIDPI_IMAGES = YES;
				CURRENT_PROJECT_VERSION = 1;
				ENABLE_HARDENED_RUNTIME = YES;
				GENERATE_INFOPLIST_FILE = NO;
				HEADER_SEARCH_PATHS = (
					"$(inherited)",
					"$(SRCROOT)/Vendor/LevelDB/include",
				);
				INFOPLIST_FILE = DeepSeekBalance/Info.plist;
				LD_RUNPATH_SEARCH_PATHS = (
					"$(inherited)",
					"@executable_path/../Frameworks",
				);
				MARKETING_VERSION = 2.1.11;
				OTHER_LDFLAGS = (
					"$(inherited)",
					"-lc++",
				);
				PRODUCT_BUNDLE_IDENTIFIER = com.jxz.deepseekbalance;
				PRODUCT_NAME = "$(TARGET_NAME)";
				SWIFT_OBJC_BRIDGING_HEADER = DeepSeekBalance/LevelDBBridge.h;
				SWIFT_EMIT_LOC_STRINGS = YES;
				SWIFT_VERSION = 5.0;
			};
			name = Release;
		};
		AA0000000000000000005005 /* Debug */ = {
			isa = XCBuildConfiguration;
			buildSettings = {
				BUNDLE_LOADER = "$(TEST_HOST)";
				CODE_SIGN_STYLE = Automatic;
				CURRENT_PROJECT_VERSION = 1;
				GENERATE_INFOPLIST_FILE = YES;
				HEADER_SEARCH_PATHS = (
					"$(inherited)",
					"$(SRCROOT)/Vendor/LevelDB/include",
				);
				LD_RUNPATH_SEARCH_PATHS = (
					"$(inherited)",
					"@executable_path/../Frameworks",
					"@loader_path/../Frameworks",
				);
				MACOSX_DEPLOYMENT_TARGET = 14.0;
				MARKETING_VERSION = 2.1.11;
				PRODUCT_BUNDLE_IDENTIFIER = com.jxz.deepseekbalance.tests;
				PRODUCT_NAME = "$(TARGET_NAME)";
				SWIFT_VERSION = 5.0;
				TEST_HOST = "$(BUILT_PRODUCTS_DIR)/DeepSeekBalance.app/Contents/MacOS/DeepSeekBalance";
			};
			name = Debug;
		};
		AA0000000000000000005006 /* Release */ = {
			isa = XCBuildConfiguration;
			buildSettings = {
				BUNDLE_LOADER = "$(TEST_HOST)";
				CODE_SIGN_STYLE = Automatic;
				CURRENT_PROJECT_VERSION = 1;
				GENERATE_INFOPLIST_FILE = YES;
				HEADER_SEARCH_PATHS = (
					"$(inherited)",
					"$(SRCROOT)/Vendor/LevelDB/include",
				);
				LD_RUNPATH_SEARCH_PATHS = (
					"$(inherited)",
					"@executable_path/../Frameworks",
					"@loader_path/../Frameworks",
				);
				MACOSX_DEPLOYMENT_TARGET = 14.0;
				MARKETING_VERSION = 2.1.11;
				PRODUCT_BUNDLE_IDENTIFIER = com.jxz.deepseekbalance.tests;
				PRODUCT_NAME = "$(TARGET_NAME)";
				SWIFT_VERSION = 5.0;
				TEST_HOST = "$(BUILT_PRODUCTS_DIR)/DeepSeekBalance.app/Contents/MacOS/DeepSeekBalance";
			};
			name = Release;
		};
		DD0000000000000000000031 /* Debug */ = {
			isa = XCBuildConfiguration;
			buildSettings = {
				CLANG_CXX_LANGUAGE_STANDARD = "gnu++17";
				CLANG_CXX_LIBRARY = "libc++";
				CODE_SIGN_STYLE = Automatic;
				COPY_PHASE_STRIP = NO;
				DEBUG_INFORMATION_FORMAT = dwarf;
				GCC_WARN_64_TO_32_BIT_CONVERSION = NO;
				GCC_WARN_UNINITIALIZED_AUTOS = NO;
				GCC_ENABLE_CPP_EXCEPTIONS = NO;
				GCC_ENABLE_CPP_RTTI = NO;
				GCC_PREPROCESSOR_DEFINITIONS = (
					"LEVELDB_PLATFORM_POSIX=1",
					"$(inherited)",
				);
				HEADER_SEARCH_PATHS = (
					"$(SRCROOT)/Vendor/LevelDBConfig/include",
					"$(SRCROOT)/Vendor/LevelDB/include",
					"$(SRCROOT)/Vendor/LevelDB",
				);
				MACOSX_DEPLOYMENT_TARGET = 13.0;
				MACH_O_TYPE = staticlib;
				ONLY_ACTIVE_ARCH = YES;
				OTHER_CPLUSPLUSFLAGS = (
					"-Wno-comma",
					"$(inherited)",
				);
				PRODUCT_NAME = leveldb;
				SDKROOT = macosx;
				SKIP_INSTALL = YES;
			};
			name = Debug;
		};
		DD0000000000000000000032 /* Release */ = {
			isa = XCBuildConfiguration;
			buildSettings = {
				CLANG_CXX_LANGUAGE_STANDARD = "gnu++17";
				CLANG_CXX_LIBRARY = "libc++";
				CODE_SIGN_STYLE = Automatic;
				COPY_PHASE_STRIP = NO;
				DEBUG_INFORMATION_FORMAT = "dwarf-with-dsym";
				GCC_WARN_64_TO_32_BIT_CONVERSION = NO;
				GCC_WARN_UNINITIALIZED_AUTOS = NO;
				GCC_ENABLE_CPP_EXCEPTIONS = NO;
				GCC_ENABLE_CPP_RTTI = NO;
				GCC_PREPROCESSOR_DEFINITIONS = (
					"LEVELDB_PLATFORM_POSIX=1",
					"NDEBUG=1",
					"$(inherited)",
				);
				HEADER_SEARCH_PATHS = (
					"$(SRCROOT)/Vendor/LevelDBConfig/include",
					"$(SRCROOT)/Vendor/LevelDB/include",
					"$(SRCROOT)/Vendor/LevelDB",
				);
				MACOSX_DEPLOYMENT_TARGET = 13.0;
				MACH_O_TYPE = staticlib;
				OTHER_CPLUSPLUSFLAGS = (
					"-Wno-comma",
					"$(inherited)",
				);
				PRODUCT_NAME = leveldb;
				SDKROOT = macosx;
				SKIP_INSTALL = YES;
			};
			name = Release;
		};
/* End XCBuildConfiguration section */

/* Begin XCConfigurationList section */
		AA0000000000000000006001 /* Build configuration list for PBXProject "DeepSeekBalance" */ = {
			isa = XCConfigurationList;
			buildConfigurations = (
				AA0000000000000000005001 /* Debug */,
				AA0000000000000000005002 /* Release */,
			);
			defaultConfigurationIsVisible = 0;
			defaultConfigurationName = Release;
		};
		AA0000000000000000006002 /* Build configuration list for PBXNativeTarget "DeepSeekBalance" */ = {
			isa = XCConfigurationList;
			buildConfigurations = (
				AA0000000000000000005003 /* Debug */,
				AA0000000000000000005004 /* Release */,
			);
			defaultConfigurationIsVisible = 0;
			defaultConfigurationName = Release;
		};
		AA0000000000000000006003 /* Build configuration list for PBXNativeTarget "DeepSeekBalanceTests" */ = {
			isa = XCConfigurationList;
			buildConfigurations = (
				AA0000000000000000005005 /* Debug */,
				AA0000000000000000005006 /* Release */,
			);
			defaultConfigurationIsVisible = 0;
			defaultConfigurationName = Release;
		};
		DD0000000000000000000033 /* Build configuration list for PBXNativeTarget "LevelDB" */ = {
			isa = XCConfigurationList;
			buildConfigurations = (
				DD0000000000000000000031 /* Debug */,
				DD0000000000000000000032 /* Release */,
			);
			defaultConfigurationIsVisible = 0;
			defaultConfigurationName = Release;
		};
/* End XCConfigurationList section */
	};
	rootObject = AA0000000000000000004000 /* Project object */;
}
